Microsoft Visual Studio Solution File, Format Version 12.00
# Visual Studio 15
VisualStudioVersion = 15.0.26430.14
MinimumVisualStudioVersion = 10.0.40219.1
Project("{FAE04EC0-301F-11D3-BF4B-00C04F79EFBC}") = "ShellEV.Standard", "ShellEV.Standard/ShellEV.Standard.csproj", "{54f11561-7eee-4835-bdf9-c54b75e53826}"
EndProject
Project("{FAE04EC0-301F-11D3-BF4B-00C04F79EFBC}") = "ShellEV.Tests", "ShellEV.Tests/ShellEV.Tests.csproj", "{ef4a3f93-02ed-4b8e-804a-2f120e6532ad}"
EndProject
Global
    GlobalSection(SolutionConfigurationPlatforms) = preSolution
        Debug|Any CPU = Debug|Any CPU
        Release|Any CPU = Release|Any CPU
    EndGlobalSection
    GlobalSection(ProjectConfigurationPlatforms) = postSolution
        {54f11561-7eee-4835-bdf9-c54b75e53826}.Debug|Any CPU.ActiveCfg = Debug|Any CPU
        {54f11561-7eee-4835-bdf9-c54b75e53826}.Debug|Any CPU.Build.0 = Debug|Any CPU
        {54f11561-7eee-4835-bdf9-c54b75e53826}.Release|Any CPU.ActiveCfg = Release|Any CPU
        {54f11561-7eee-4835-bdf9-c54b75e53826}.Release|Any CPU.Build.0 = Release|Any CPU
        {ef4a3f93-02ed-4b8e-804a-2f120e6532ad}.Debug|Any CPU.ActiveCfg = Debug|Any CPU
        {ef4a3f93-02ed-4b8e-804a-2f120e6532ad}.Debug|Any CPU.Build.0 = Debug|Any CPU
        {ef4a3f93-02ed-4b8e-804a-2f120e6532ad}.Release|Any CPU.ActiveCfg = Release|Any CPU
        {ef4a3f93-02ed-4b8e-804a-2f120e6532ad}.Release|Any CPU.Build.0 = Release|Any CPU
    EndGlobalSection
    GlobalSection(SolutionProperties) = preSolution
        HideSolutionNode = FALSE
    EndGlobalSection
EndGlobal
